dependencies:
  espressif/mqtt:
    component_hash: fb18bc3b65aa8c94693a9811ffc322cca8a65d92d5ec84983d3e385080e3969c
    dependencies:
    - name: idf
      require: private
      version: '>=5.3'
    source:
      registry_url: https://components.espressif.com/
      type: service
    version: 1.1.0
  idf:
    source:
      type: idf
    version: 6.0.0
direct_dependencies:
- espressif/mqtt
- idf
manifest_hash: 86d97dcc603f1d2be0940c74242211dd2f8a2536b783689e2fdc1180831bf22a
target: esp32c6
version: 3.0.0
